
Microsoft Visual Studio Solution File, Format Version 12.00
# Visual Studio 15
VisualStudioVersion = 15.0.26430.12
MinimumVisualStudioVersion = 10.0.40219.1
Project("{FAE04EC0-301F-11D3-BF4B-00C04F79EFBC}") = "GamR.Backend.Web", "GamR\GamR.Backend.Web.csproj", "{EC1ED7CD-696F-4110-99F2-59AD16EA3879}"
EndProject
Project("{FAE04EC0-301F-11D3-BF4B-00C04F79EFBC}") = "GamR.Backend.Core", "GamR.Backend.Core\GamR.Backend.Core.csproj", "{3966D260-5703-4F8B-AB8F-A69BCAFF8289}"
EndProject
Global
	GlobalSection(SolutionConfigurationPlatforms) = preSolution
		Debug|Any CPU = Debug|Any CPU
		Release|Any CPU = Release|Any CPU
	EndGlobalSection
	GlobalSection(ProjectConfigurationPlatforms) = postSolution
		{EC1ED7CD-696F-4110-99F2-59AD16EA3879}.Debug|Any CPU.ActiveCfg = Debug|Any CPU
		{EC1ED7CD-696F-4110-99F2-59AD16EA3879}.Debug|Any CPU.Build.0 = Debug|Any CPU
		{EC1ED7CD-696F-4110-99F2-59AD16EA3879}.Release|Any CPU.ActiveCfg = Release|Any CPU
		{EC1ED7CD-696F-4110-99F2-59AD16EA3879}.Release|Any CPU.Build.0 = Release|Any CPU
		{3966D260-5703-4F8B-AB8F-A69BCAFF8289}.Debug|Any CPU.ActiveCfg = Debug|Any CPU
		{3966D260-5703-4F8B-AB8F-A69BCAFF8289}.Debug|Any CPU.Build.0 = Debug|Any CPU
		{3966D260-5703-4F8B-AB8F-A69BCAFF8289}.Release|Any CPU.ActiveCfg = Release|Any CPU
		{3966D260-5703-4F8B-AB8F-A69BCAFF8289}.Release|Any CPU.Build.0 = Release|Any CPU
	EndGlobalSection
	GlobalSection(SolutionProperties) = preSolution
		HideSolutionNode = FALSE
	EndGlobalSection
EndGlobal
